
Microsoft Visual Studio Solution File, Format Version 12.00
# Visual Studio Version 17
VisualStudioVersion = 17.11.35327.3
MinimumVisualStudioVersion = 10.0.40219.1
Project("{FAE04EC0-301F-11D3-BF4B-00C04F79EFBC}") = "ConcertMAUI", "ConcertMAUI\ConcertMAUI.csproj", "{7138A536-24BE-4E80-B187-6EF3943E04AC}"
EndProject
Project("{FAE04EC0-301F-11D3-BF4B-00C04F79EFBC}") = "ConcertAPI", "ConcertAPI\ConcertAPI.csproj", "{E1B0AE1B-080E-416E-95CE-2E982DB63151}"
EndProject
Global
	GlobalSection(SolutionConfigurationPlatforms) = preSolution
		Debug|Any CPU = Debug|Any CPU
		Release|Any CPU = Release|Any CPU
	EndGlobalSection
	GlobalSection(ProjectConfigurationPlatforms) = postSolution
		{7138A536-24BE-4E80-B187-6EF3943E04AC}.Debug|Any CPU.ActiveCfg = Debug|Any CPU
		{7138A536-24BE-4E80-B187-6EF3943E04AC}.Debug|Any CPU.Build.0 = Debug|Any CPU
		{7138A536-24BE-4E80-B187-6EF3943E04AC}.Debug|Any CPU.Deploy.0 = Debug|Any CPU
		{7138A536-24BE-4E80-B187-6EF3943E04AC}.Release|Any CPU.ActiveCfg = Release|Any CPU
		{7138A536-24BE-4E80-B187-6EF3943E04AC}.Release|Any CPU.Build.0 = Release|Any CPU
		{7138A536-24BE-4E80-B187-6EF3943E04AC}.Release|Any CPU.Deploy.0 = Release|Any CPU
		{E1B0AE1B-080E-416E-95CE-2E982DB63151}.Debug|Any CPU.ActiveCfg = Debug|Any CPU
		{E1B0AE1B-080E-416E-95CE-2E982DB63151}.Debug|Any CPU.Build.0 = Debug|Any CPU
		{E1B0AE1B-080E-416E-95CE-2E982DB63151}.Release|Any CPU.ActiveCfg = Release|Any CPU
		{E1B0AE1B-080E-416E-95CE-2E982DB63151}.Release|Any CPU.Build.0 = Release|Any CPU
	EndGlobalSection
	GlobalSection(SolutionProperties) = preSolution
		HideSolutionNode = FALSE
	EndGlobalSection
	GlobalSection(ExtensibilityGlobals) = postSolution
		SolutionGuid = {D89486B7-69A2-4986-8026-A65034664C63}
	EndGlobalSection
EndGlobal
